
Microsoft Visual Studio Solution File, Format Version 12.00
# Visual Studio Version 16
VisualStudioVersion = 16.0.31702.278
MinimumVisualStudioVersion = 10.0.40219.1
Project("{FAE04EC0-301F-11D3-BF4B-00C04F79EFBC}") = "Nerd_Labyrinth_Final", "Nerd_Labyrinth_Final\Nerd_Labyrinth_Final.csproj", "{44629678-5F78-4719-9639-BF497EE44673}"
EndProject
Global
	GlobalSection(SolutionConfigurationPlatforms) = preSolution
		Debug|Any CPU = Debug|Any CPU
		Release|Any CPU = Release|Any CPU
	EndGlobalSection
	GlobalSection(ProjectConfigurationPlatforms) = postSolution
		{44629678-5F78-4719-9639-BF497EE44673}.Debug|Any CPU.ActiveCfg = Debug|Any CPU
		{44629678-5F78-4719-9639-BF497EE44673}.Debug|Any CPU.Build.0 = Debug|Any CPU
		{44629678-5F78-4719-9639-BF497EE44673}.Release|Any CPU.ActiveCfg = Release|Any CPU
		{44629678-5F78-4719-9639-BF497EE44673}.Release|Any CPU.Build.0 = Release|Any CPU
	EndGlobalSection
	GlobalSection(SolutionProperties) = preSolution
		HideSolutionNode = FALSE
	EndGlobalSection
	GlobalSection(ExtensibilityGlobals) = postSolution
		SolutionGuid = {54DDC9CE-F874-4864-8BDD-96ED17CD5EE0}
	EndGlobalSection
EndGlobal
